PODS:
  - dynamic_color (0.0.3):
    - FlutterMacOS
  - file_picker (0.0.1):
    - Flutter
    - FlutterMacOS
  - flutter_local_notifications (0.0.1):
    - FlutterMacOS
  - FlutterMacOS (1.0.0)
  - package_info_plus (0.0.1):
    - FlutterMacOS
  - screen_retriever_macos (0.0.1):
    - FlutterMacOS
  - share_plus (0.0.1):
    - FlutterMacOS
  - shared_preferences_foundation (0.0.1):
    - Flutter
    - FlutterMacOS
  - tray_manager (0.0.1):
    - FlutterMacOS
  - url_launcher_macos (0.0.1):
    - FlutterMacOS
  - window_manager (0.5.0):
    - FlutterMacOS

DEPENDENCIES:
  - dynamic_color (from `Flutter/ephemeral/.symlinks/plugins/dynamic_color/macos`)
  - file_picker (from `Flutter/ephemeral/.symlinks/plugins/file_picker/darwin`)
  - flutter_local_notifications (from `Flutter/ephemeral/.symlinks/plugins/flutter_local_notifications/macos`)
  - FlutterMacOS (from `Flutter/ephemeral`)
  - package_info_plus (from `Flutter/ephemeral/.symlinks/plugins/package_info_plus/macos`)
  - screen_retriever_macos (from `Flutter/ephemeral/.symlinks/plugins/screen_retriever_macos/macos`)
  - share_plus (from `Flutter/ephemeral/.symlinks/plugins/share_plus/macos`)
  - shared_preferences_foundation (from `Flutter/ephemeral/.symlinks/plugins/shared_preferences_foundation/darwin`)
  - tray_manager (from `Flutter/ephemeral/.symlinks/plugins/tray_manager/macos`)
  - url_launcher_macos (from `Flutter/ephemeral/.symlinks/plugins/url_launcher_macos/macos`)
  - window_manager (from `Flutter/ephemeral/.symlinks/plugins/window_manager/macos`)

EXTERNAL SOURCES:
  dynamic_color:
    :path: Flutter/ephemeral/.symlinks/plugins/dynamic_color/macos
  file_picker:
    :path: Flutter/ephemeral/.symlinks/plugins/file_picker/darwin
  flutter_local_notifications:
    :path: Flutter/ephemeral/.symlinks/plugins/flutter_local_notifications/macos
  FlutterMacOS:
    :path: Flutter/ephemeral
  package_info_plus:
    :path: Flutter/ephemeral/.symlinks/plugins/package_info_plus/macos
  screen_retriever_macos:
    :path: Flutter/ephemeral/.symlinks/plugins/screen_retriever_macos/macos
  share_plus:
    :path: Flutter/ephemeral/.symlinks/plugins/share_plus/macos
  shared_preferences_foundation:
    :path: Flutter/ephemeral/.symlinks/plugins/shared_preferences_foundation/darwin
  tray_manager:
    :path: Flutter/ephemeral/.symlinks/plugins/tray_manager/macos
  url_launcher_macos:
    :path: Flutter/ephemeral/.symlinks/plugins/url_launcher_macos/macos
  window_manager:
    :path: Flutter/ephemeral/.symlinks/plugins/window_manager/macos

SPEC CHECKSUMS:
  dynamic_color: b0b28f4bc541eb1a011f49579adedf0ff836adee
  file_picker: e81e2d2db6261a4e98febeae383bd2173ba8b396
  flutter_local_notifications: 14e285ca39907db50704f7f46c9ab7a526bd7ead
  FlutterMacOS: d0db08ddef1a9af05a5ec4b724367152bb0500b1
  package_info_plus: 12f1c5c2cfe8727ca46cbd0b26677728972d9a5b
  screen_retriever_macos: 038d3f7b34a779b06f536842003e41e8ec1fb4b7
  share_plus: 1fa619de8392a4398bfaf176d441853922614e89
  shared_preferences_foundation: 5086985c1d43c5ba4d5e69a4e8083a389e2909e6
  tray_manager: c2a678ee19e2a094f0c2d03660ee2c3e81cea8ab
  url_launcher_macos: 175a54c831f4375a6cf895875f716ee5af3888ce
  window_manager: e25faf20d88283a0d46e7b1a759d07261ca27575

PODFILE CHECKSUM: 37241807211f7182689f4a7be3359c00a0a2d5d0

COCOAPODS: 1.16.2
